
Microsoft Visual Studio Solution File, Format Version 12.00
# Visual Studio 2013
VisualStudioVersion = 12.0.21005.1
MinimumVisualStudioVersion = 10.0.40219.1
Project("{FAE04EC0-301F-11D3-BF4B-00C04F79EFBC}") = "DemoService", "DemoService\DemoService.csproj", "{BB003E56-7E5F-42D6-8539-A307C81FF126}"
EndProject
Project("{FAE04EC0-301F-11D3-BF4B-00C04F79EFBC}") = "Model", "Model\Model\Model.csproj", "{BDC0228F-D587-40B9-B8E3-0A09CDC05519}"
EndProject
Project("{FAE04EC0-301F-11D3-BF4B-00C04F79EFBC}") = "Bussiness", "Bussiness\Bussiness\Bussiness.csproj", "{2449D746-85E6-41C7-A017-00B4DAF7EB56}"
EndProject
Project("{FAE04EC0-301F-11D3-BF4B-00C04F79EFBC}") = "DataAccess", "DataAccess\DataAccess\DataAccess.csproj", "{4A5C540F-4307-4117-A27B-CA7629667A76}"
EndProject
Global
	GlobalSection(SolutionConfigurationPlatforms) = preSolution
		Debug|Any CPU = Debug|Any CPU
		Release|Any CPU = Release|Any CPU
	EndGlobalSection
	GlobalSection(ProjectConfigurationPlatforms) = postSolution
		{BB003E56-7E5F-42D6-8539-A307C81FF126}.Debug|Any CPU.ActiveCfg = Debug|Any CPU
		{BB003E56-7E5F-42D6-8539-A307C81FF126}.Debug|Any CPU.Build.0 = Debug|Any CPU
		{BB003E56-7E5F-42D6-8539-A307C81FF126}.Release|Any CPU.ActiveCfg = Release|Any CPU
		{BB003E56-7E5F-42D6-8539-A307C81FF126}.Release|Any CPU.Build.0 = Release|Any CPU
		{BDC0228F-D587-40B9-B8E3-0A09CDC05519}.Debug|Any CPU.ActiveCfg = Debug|Any CPU
		{BDC0228F-D587-40B9-B8E3-0A09CDC05519}.Debug|Any CPU.Build.0 = Debug|Any CPU
		{BDC0228F-D587-40B9-B8E3-0A09CDC05519}.Release|Any CPU.ActiveCfg = Release|Any CPU
		{BDC0228F-D587-40B9-B8E3-0A09CDC05519}.Release|Any CPU.Build.0 = Release|Any CPU
		{2449D746-85E6-41C7-A017-00B4DAF7EB56}.Debug|Any CPU.ActiveCfg = Debug|Any CPU
		{2449D746-85E6-41C7-A017-00B4DAF7EB56}.Debug|Any CPU.Build.0 = Debug|Any CPU
		{2449D746-85E6-41C7-A017-00B4DAF7EB56}.Release|Any CPU.ActiveCfg = Release|Any CPU
		{2449D746-85E6-41C7-A017-00B4DAF7EB56}.Release|Any CPU.Build.0 = Release|Any CPU
		{4A5C540F-4307-4117-A27B-CA7629667A76}.Debug|Any CPU.ActiveCfg = Debug|Any CPU
		{4A5C540F-4307-4117-A27B-CA7629667A76}.Debug|Any CPU.Build.0 = Debug|Any CPU
		{4A5C540F-4307-4117-A27B-CA7629667A76}.Release|Any CPU.ActiveCfg = Release|Any CPU
		{4A5C540F-4307-4117-A27B-CA7629667A76}.Release|Any CPU.Build.0 = Release|Any CPU
	EndGlobalSection
	GlobalSection(SolutionProperties) = preSolution
		HideSolutionNode = FALSE
	EndGlobalSection
EndGlobal
